
Microsoft Visual Studio Solution File, Format Version 12.00
# Visual Studio Version 17
VisualStudioVersion = 17.3.32811.315
MinimumVisualStudioVersion = 10.0.40219.1
Project("{FAE04EC0-301F-11D3-BF4B-00C04F79EFBC}") = "clock_app", "clock_app\clock_app.csproj", "{190FE0A2-CD84-4E35-99D3-E227CD8B5C70}"
EndProject
Global
	GlobalSection(SolutionConfigurationPlatforms) = preSolution
		Debug|Any CPU = Debug|Any CPU
		Release|Any CPU = Release|Any CPU
	EndGlobalSection
	GlobalSection(ProjectConfigurationPlatforms) = postSolution
		{190FE0A2-CD84-4E35-99D3-E227CD8B5C70}.Debug|Any CPU.ActiveCfg = Debug|Any CPU
		{190FE0A2-CD84-4E35-99D3-E227CD8B5C70}.Debug|Any CPU.Build.0 = Debug|Any CPU
		{190FE0A2-CD84-4E35-99D3-E227CD8B5C70}.Release|Any CPU.ActiveCfg = Release|Any CPU
		{190FE0A2-CD84-4E35-99D3-E227CD8B5C70}.Release|Any CPU.Build.0 = Release|Any CPU
	EndGlobalSection
	GlobalSection(SolutionProperties) = preSolution
		HideSolutionNode = FALSE
	EndGlobalSection
	GlobalSection(ExtensibilityGlobals) = postSolution
		SolutionGuid = {DB97F453-F883-4180-A0B0-B0DD1DD6F916}
	EndGlobalSection
EndGlobal
